<?xml version="1.0" encoding="utf-8"?>
<Project ToolsVersion="4.0" xmlns="http://schemas.microsoft.com/developer/msbuild/2003">
  <ItemGroup>
    <Filter Include="include">
      <UniqueIdentifier>{3fd796e0-8914-4af0-919a-4dfa3e69c253}</UniqueIdentifier>
    </Filter>
    <Filter Include="src">
      <UniqueIdentifier>{8dbdbc54-3840-45d4-b553-23cc7898943b}</UniqueIdentifier>
    </Filter>
  </ItemGroup>
  <ItemGroup>
    <ClInclude Include="include\cuda_includes.h">
      <Filter>include</Filter>
    </ClInclude>
    <ClInclude Include="include\dmc.hpp">
      <Filter>include</Filter>
    </ClInclude>
    <ClInclude Include="include\utils.hpp">
      <Filter>include</Filter>
    </ClInclude>
    <ClInclude Include="include\helper_math.hpp">
      <Filter>include</Filter>
    </ClInclude>
  </ItemGroup>
  <ItemGroup>
    <CudaCompile Include="src\dmc.cu">
      <Filter>src</Filter>
    </CudaCompile>
  </ItemGroup>
</Project>